
Microsoft Visual Studio Solution File, Format Version 12.00
# Visual Studio Version 16
VisualStudioVersion = 16.0.31321.278
MinimumVisualStudioVersion = 10.0.40219.1
Project("{FAE04EC0-301F-11D3-BF4B-00C04F79EFBC}") = "JuegoProyectoFinal", "JuegoProyectoFinal\JuegoProyectoFinal.csproj", "{2D2E5250-11E9-496A-A1BD-8963C293347F}"
EndProject
Global
	GlobalSection(SolutionConfigurationPlatforms) = preSolution
		Debug|Any CPU = Debug|Any CPU
		Release|Any CPU = Release|Any CPU
	EndGlobalSection
	GlobalSection(ProjectConfigurationPlatforms) = postSolution
		{2D2E5250-11E9-496A-A1BD-8963C293347F}.Debug|Any CPU.ActiveCfg = Debug|Any CPU
		{2D2E5250-11E9-496A-A1BD-8963C293347F}.Debug|Any CPU.Build.0 = Debug|Any CPU
		{2D2E5250-11E9-496A-A1BD-8963C293347F}.Release|Any CPU.ActiveCfg = Release|Any CPU
		{2D2E5250-11E9-496A-A1BD-8963C293347F}.Release|Any CPU.Build.0 = Release|Any CPU
	EndGlobalSection
	GlobalSection(SolutionProperties) = preSolution
		HideSolutionNode = FALSE
	EndGlobalSection
	GlobalSection(ExtensibilityGlobals) = postSolution
		SolutionGuid = {C3C398FD-1B84-4860-961F-17D944FE01FA}
	EndGlobalSection
EndGlobal
